
Microsoft Visual Studio Solution File, Format Version 12.00
Project("{2150E333-8FDC-42A3-9474-1A3956D46DE8}") = "db", "db", "{6B75650B-80AA-4373-BA50-F621A97DAE78}"
EndProject
Project("{2150E333-8FDC-42A3-9474-1A3956D46DE8}") = "scripts", "scripts", "{9056FEF7-4A8C-4953-AC44-E7F326BA9DF7}"
EndProject
Project("{2150E333-8FDC-42A3-9474-1A3956D46DE8}") = "src", "src", "{70F48437-EEC4-415A-8BC0-B42DED6A521A}"
EndProject
Project("{2150E333-8FDC-42A3-9474-1A3956D46DE8}") = "tests", "tests", "{85ABA2AF-B604-4D93-A261-C8336EF132E8}"
EndProject
Project("{2150E333-8FDC-42A3-9474-1A3956D46DE8}") = "layers", "layers", "{A494AB91-B65B-4ACF-80DD-C01511B7BD51}"
EndProject
Project("{2150E333-8FDC-42A3-9474-1A3956D46DE8}") = "api", "api", "{1ED0C13D-6616-429C-BDDA-FFDC099483F4}"
EndProject
Project("{2150E333-8FDC-42A3-9474-1A3956D46DE8}") = ".github", ".github", "{FDDE0DC6-BA4E-4571-A2F7-D71980F19FEB}"
EndProject
Project("{2150E333-8FDC-42A3-9474-1A3956D46DE8}") = "workflows", "workflows", "{03EAE417-DBB7-4467-9B96-D5DB886DF8F2}"
EndProject
Project("{FAE04EC0-301F-11D3-BF4B-00C04F79EFBC}") = "Reserve.Auth.Grpc.Api", "src\api\Reserve.Auth.Grpc.Api\Reserve.Auth.Grpc.Api.csproj", "{639E6C2E-20EA-4326-A4E2-1950E062A5DC}"
EndProject
Project("{FAE04EC0-301F-11D3-BF4B-00C04F79EFBC}") = "Reserve.Auth.Layers.Application", "src\layers\Reserve.Auth.Layers.Application\Reserve.Auth.Layers.Application.csproj", "{DDF4E680-DDC7-4974-B77B-D1CDD4B36484}"
EndProject
Project("{FAE04EC0-301F-11D3-BF4B-00C04F79EFBC}") = "Reserve.Auth.Layers.Infrastructure", "src\layers\Reserve.Auth.Layers.Infrastructure\Reserve.Auth.Layers.Infrastructure.csproj", "{3285C6EB-A6BB-4506-9A5A-09F442A85F4E}"
EndProject
Project("{FAE04EC0-301F-11D3-BF4B-00C04F79EFBC}") = "Reserve.Auth.Layers.Domain", "src\layers\Reserve.Auth.Layers.Domain\Reserve.Auth.Layers.Domain.csproj", "{C59B2A5C-97A4-4E64-89FB-76168FC05CB5}"
EndProject
Project("{FAE04EC0-301F-11D3-BF4B-00C04F79EFBC}") = "Reserve.Auth.Tests.UnitTests", "src\tests\Reserve.Auth.Tests.UnitTests\Reserve.Auth.Tests.UnitTests.csproj", "{F872ECE1-343A-4DE1-857A-934DA90EAE09}"
EndProject
Project("{FAE04EC0-301F-11D3-BF4B-00C04F79EFBC}") = "Reserve.Auth.Tests.ArchTests", "src\tests\Reserve.Auth.Tests.ArchTests\Reserve.Auth.Tests.ArchTests.csproj", "{A260A2C1-DF01-4521-A015-11A053FF1EFC}"
EndProject
Project("{FAE04EC0-301F-11D3-BF4B-00C04F79EFBC}") = "Reserve.Auth.Tests.IntegrationTests", "src\tests\Reserve.Auth.Tests.IntegrationTests\Reserve.Auth.Tests.IntegrationTests.csproj", "{A78A42DA-6FCE-4C94-BEDF-7FF828153674}"
EndProject
Global
	GlobalSection(SolutionConfigurationPlatforms) = preSolution
		Debug|Any CPU = Debug|Any CPU
		Release|Any CPU = Release|Any CPU
	EndGlobalSection
	GlobalSection(NestedProjects) = preSolution
		{85ABA2AF-B604-4D93-A261-C8336EF132E8} = {70F48437-EEC4-415A-8BC0-B42DED6A521A}
		{A494AB91-B65B-4ACF-80DD-C01511B7BD51} = {70F48437-EEC4-415A-8BC0-B42DED6A521A}
		{1ED0C13D-6616-429C-BDDA-FFDC099483F4} = {70F48437-EEC4-415A-8BC0-B42DED6A521A}
		{03EAE417-DBB7-4467-9B96-D5DB886DF8F2} = {FDDE0DC6-BA4E-4571-A2F7-D71980F19FEB}
		{639E6C2E-20EA-4326-A4E2-1950E062A5DC} = {1ED0C13D-6616-429C-BDDA-FFDC099483F4}
		{DDF4E680-DDC7-4974-B77B-D1CDD4B36484} = {A494AB91-B65B-4ACF-80DD-C01511B7BD51}
		{3285C6EB-A6BB-4506-9A5A-09F442A85F4E} = {A494AB91-B65B-4ACF-80DD-C01511B7BD51}
		{C59B2A5C-97A4-4E64-89FB-76168FC05CB5} = {A494AB91-B65B-4ACF-80DD-C01511B7BD51}
		{F872ECE1-343A-4DE1-857A-934DA90EAE09} = {85ABA2AF-B604-4D93-A261-C8336EF132E8}
		{A260A2C1-DF01-4521-A015-11A053FF1EFC} = {85ABA2AF-B604-4D93-A261-C8336EF132E8}
		{A78A42DA-6FCE-4C94-BEDF-7FF828153674} = {85ABA2AF-B604-4D93-A261-C8336EF132E8}
	EndGlobalSection
	GlobalSection(ProjectConfigurationPlatforms) = postSolution
		{639E6C2E-20EA-4326-A4E2-1950E062A5DC}.Debug|Any CPU.ActiveCfg = Debug|Any CPU
		{639E6C2E-20EA-4326-A4E2-1950E062A5DC}.Debug|Any CPU.Build.0 = Debug|Any CPU
		{639E6C2E-20EA-4326-A4E2-1950E062A5DC}.Release|Any CPU.ActiveCfg = Release|Any CPU
		{639E6C2E-20EA-4326-A4E2-1950E062A5DC}.Release|Any CPU.Build.0 = Release|Any CPU
		{DDF4E680-DDC7-4974-B77B-D1CDD4B36484}.Debug|Any CPU.ActiveCfg = Debug|Any CPU
		{DDF4E680-DDC7-4974-B77B-D1CDD4B36484}.Debug|Any CPU.Build.0 = Debug|Any CPU
		{DDF4E680-DDC7-4974-B77B-D1CDD4B36484}.Release|Any CPU.ActiveCfg = Release|Any CPU
		{DDF4E680-DDC7-4974-B77B-D1CDD4B36484}.Release|Any CPU.Build.0 = Release|Any CPU
		{3285C6EB-A6BB-4506-9A5A-09F442A85F4E}.Debug|Any CPU.ActiveCfg = Debug|Any CPU
		{3285C6EB-A6BB-4506-9A5A-09F442A85F4E}.Debug|Any CPU.Build.0 = Debug|Any CPU
		{3285C6EB-A6BB-4506-9A5A-09F442A85F4E}.Release|Any CPU.ActiveCfg = Release|Any CPU
		{3285C6EB-A6BB-4506-9A5A-09F442A85F4E}.Release|Any CPU.Build.0 = Release|Any CPU
		{C59B2A5C-97A4-4E64-89FB-76168FC05CB5}.Debug|Any CPU.ActiveCfg = Debug|Any CPU
		{C59B2A5C-97A4-4E64-89FB-76168FC05CB5}.Debug|Any CPU.Build.0 = Debug|Any CPU
		{C59B2A5C-97A4-4E64-89FB-76168FC05CB5}.Release|Any CPU.ActiveCfg = Release|Any CPU
		{C59B2A5C-97A4-4E64-89FB-76168FC05CB5}.Release|Any CPU.Build.0 = Release|Any CPU
		{F872ECE1-343A-4DE1-857A-934DA90EAE09}.Debug|Any CPU.ActiveCfg = Debug|Any CPU
		{F872ECE1-343A-4DE1-857A-934DA90EAE09}.Debug|Any CPU.Build.0 = Debug|Any CPU
		{F872ECE1-343A-4DE1-857A-934DA90EAE09}.Release|Any CPU.ActiveCfg = Release|Any CPU
		{F872ECE1-343A-4DE1-857A-934DA90EAE09}.Release|Any CPU.Build.0 = Release|Any CPU
		{A260A2C1-DF01-4521-A015-11A053FF1EFC}.Debug|Any CPU.ActiveCfg = Debug|Any CPU
		{A260A2C1-DF01-4521-A015-11A053FF1EFC}.Debug|Any CPU.Build.0 = Debug|Any CPU
		{A260A2C1-DF01-4521-A015-11A053FF1EFC}.Release|Any CPU.ActiveCfg = Release|Any CPU
		{A260A2C1-DF01-4521-A015-11A053FF1EFC}.Release|Any CPU.Build.0 = Release|Any CPU
		{A78A42DA-6FCE-4C94-BEDF-7FF828153674}.Debug|Any CPU.ActiveCfg = Debug|Any CPU
		{A78A42DA-6FCE-4C94-BEDF-7FF828153674}.Debug|Any CPU.Build.0 = Debug|Any CPU
		{A78A42DA-6FCE-4C94-BEDF-7FF828153674}.Release|Any CPU.ActiveCfg = Release|Any CPU
		{A78A42DA-6FCE-4C94-BEDF-7FF828153674}.Release|Any CPU.Build.0 = Release|Any CPU
	EndGlobalSection
EndGlobal
